
Microsoft Visual Studio Solution File, Format Version 12.00
# Visual Studio Version 16
VisualStudioVersion = 16.0.29728.190
MinimumVisualStudioVersion = 10.0.40219.1
Project("{FAE04EC0-301F-11D3-BF4B-00C04F79EFBC}") = "CrucioBackupper", "CrucioBackupper\CrucioBackupper.csproj", "{88D1BE48-91F9-4EBB-8FD6-2F7B5680F4FE}"
EndProject
Global
	GlobalSection(SolutionConfigurationPlatforms) = preSolution
		Debug|Any CPU = Debug|Any CPU
		Release|Any CPU = Release|Any CPU
	EndGlobalSection
	GlobalSection(ProjectConfigurationPlatforms) = postSolution
		{88D1BE48-91F9-4EBB-8FD6-2F7B5680F4FE}.Debug|Any CPU.ActiveCfg = Debug|Any CPU
		{88D1BE48-91F9-4EBB-8FD6-2F7B5680F4FE}.Debug|Any CPU.Build.0 = Debug|Any CPU
		{88D1BE48-91F9-4EBB-8FD6-2F7B5680F4FE}.Release|Any CPU.ActiveCfg = Release|Any CPU
		{88D1BE48-91F9-4EBB-8FD6-2F7B5680F4FE}.Release|Any CPU.Build.0 = Release|Any CPU
	EndGlobalSection
	GlobalSection(SolutionProperties) = preSolution
		HideSolutionNode = FALSE
	EndGlobalSection
	GlobalSection(ExtensibilityGlobals) = postSolution
		SolutionGuid = {86CF284E-AF5D-4259-B3FE-EEFADDF3DD6D}
	EndGlobalSection
EndGlobal
