
Microsoft Visual Studio Solution File, Format Version 12.00
# Visual Studio Version 17
VisualStudioVersion = 17.8.34511.84
MinimumVisualStudioVersion = 10.0.40219.1
Project("{9A19103F-16F7-4668-BE54-9A1E7A4F7556}") = "CrucioBackupper", "CrucioBackupper\CrucioBackupper.csproj", "{88D1BE48-91F9-4EBB-8FD6-2F7B5680F4FE}"
EndProject
Project("{9A19103F-16F7-4668-BE54-9A1E7A4F7556}") = "CrucioNetwork", "CrucioNetwork\CrucioNetwork.csproj", "{DE226601-2EC2-40E6-A4F0-5E63D0F08BA4}"
EndProject
Global
	GlobalSection(SolutionConfigurationPlatforms) = preSolution
		Debug|Any CPU = Debug|Any CPU
		Release|Any CPU = Release|Any CPU
	EndGlobalSection
	GlobalSection(ProjectConfigurationPlatforms) = postSolution
		{88D1BE48-91F9-4EBB-8FD6-2F7B5680F4FE}.Debug|Any CPU.ActiveCfg = Debug|Any CPU
		{88D1BE48-91F9-4EBB-8FD6-2F7B5680F4FE}.Debug|Any CPU.Build.0 = Debug|Any CPU
		{88D1BE48-91F9-4EBB-8FD6-2F7B5680F4FE}.Release|Any CPU.ActiveCfg = Release|Any CPU
		{88D1BE48-91F9-4EBB-8FD6-2F7B5680F4FE}.Release|Any CPU.Build.0 = Release|Any CPU
		{DE226601-2EC2-40E6-A4F0-5E63D0F08BA4}.Debug|Any CPU.ActiveCfg = Debug|Any CPU
		{DE226601-2EC2-40E6-A4F0-5E63D0F08BA4}.Debug|Any CPU.Build.0 = Debug|Any CPU
		{DE226601-2EC2-40E6-A4F0-5E63D0F08BA4}.Release|Any CPU.ActiveCfg = Release|Any CPU
		{DE226601-2EC2-40E6-A4F0-5E63D0F08BA4}.Release|Any CPU.Build.0 = Release|Any CPU
	EndGlobalSection
	GlobalSection(SolutionProperties) = preSolution
		HideSolutionNode = FALSE
	EndGlobalSection
	GlobalSection(ExtensibilityGlobals) = postSolution
		SolutionGuid = {86CF284E-AF5D-4259-B3FE-EEFADDF3DD6D}
	EndGlobalSection
EndGlobal
